lockfile_version: '1'
generated_at: '2026-04-22T16:01:45.686543+00:00'
dependencies: []
local_deployed_files:
- .github/agents/analysis-agent.agent.md
- .github/agents/architecture-governance.agent.md
- .github/agents/bmad-orchestrator.agent.md
- .github/agents/branding.agent.md
- .github/agents/bug-fixer.agent.md
- .github/agents/hub-orchestrator.agent.md
- .github/agents/implementer.agent.md
- .github/agents/modernization-agent.agent.md
- .github/agents/modernization-orchestrator.agent.md
- .github/agents/pr-validator.agent.md
- .github/agents/quality-validator.agent.md
- .github/agents/refactor-assessor.agent.md
- .github/agents/refactor-implementer.agent.md
- .github/agents/refactor-orchestrator.agent.md
- .github/agents/refactor-parity-checker.agent.md
- .github/agents/refactor-planner.agent.md
- .github/agents/repository-analyzer.agent.md
- .github/agents/reverse-backlog.agent.md
- .github/agents/reverse-user-story.agent.md
- .github/agents/sdlc-ba-analyst.agent.md
- .github/agents/sdlc-ba-reviewer.agent.md
- .github/agents/sdlc-coordinator.agent.md
- .github/agents/sdlc-steer-manager.agent.md
- .github/agents/sdlc-steer-reviewer.agent.md
- .github/agents/sdlc-tech-architect.agent.md
- .github/agents/sdlc-tech-reviewer.agent.md
- .github/agents/sdlc-test-executor.agent.md
- .github/agents/security-reviewer.agent.md
- .github/agents/spec-orchestrator.agent.md
- .github/agents/station-orchestrator.agent.md
- .github/agents/workflow-orchestrator.agent.md
- .github/hooks/ai-sdlc-foundation-.pre-result-test-station.json
- .github/prompts/convert-md-to-docx-and-pdf.prompt.md
- .github/prompts/create-one-pager.prompt.md
- .github/prompts/soprasteria-brand-audit.prompt.md
- .github/prompts/soprasteria-brand-refactor.prompt.md
- .github/prompts/workflow-bmad.prompt.md
- .github/prompts/workflow-bug-fixing.prompt.md
- .github/prompts/workflow-feature.prompt.md
- .github/prompts/workflow-maturity-assessment.prompt.md
- .github/prompts/workflow-modernization.prompt.md
- .github/prompts/workflow-pr-validation.prompt.md
- .github/prompts/workflow-quality.prompt.md
- .github/prompts/workflow-spec-kit.prompt.md
- .github/skills/adaptive-decision
- .github/skills/adr-generation
- .github/skills/agent-policy-guard
- .github/skills/agent-policy-validation
- .github/skills/ai-backbone-pr-checks
- .github/skills/api-design-principles
- .github/skills/api-documentation
- .github/skills/api-patterns
- .github/skills/api-security-best-practices
- .github/skills/architecture-guardrails
- .github/skills/assets-and-templates
- .github/skills/atlassian-ops
- .github/skills/audit-checklist
- .github/skills/audit-tracing
- .github/skills/aws-resource-query
- .github/skills/azdo-ops
- .github/skills/azure-resource-query
- .github/skills/brand-accessibility
- .github/skills/brand-app
- .github/skills/brand-assets
- .github/skills/brand-audit
- .github/skills/brand-core
- .github/skills/brand-document
- .github/skills/brownfield-context
- .github/skills/bug-reproduction
- .github/skills/bug-triage
- .github/skills/cc-skill-backend-patterns
- .github/skills/cc-skill-coding-standards
- .github/skills/cc-skill-frontend-patterns
- .github/skills/code-implementation
- .github/skills/code-refactoring
- .github/skills/code-refactoring-refactor-clean
- .github/skills/code-refactoring-tech-debt
- .github/skills/context7-docs
- .github/skills/coverage-assessment
- .github/skills/data-anonymisation
- .github/skills/delivery-metrics
- .github/skills/dependency-audit
- .github/skills/docs-architect
- .github/skills/docx
- .github/skills/domain-driven-design
- .github/skills/dotnet-architect
- .github/skills/dotnet-backend
- .github/skills/dotnet-backend-patterns
- .github/skills/drift-detection
- .github/skills/figma-design-sync
- .github/skills/fix-planning
- .github/skills/frontend-dev-guidelines
- .github/skills/frontend-developer
- .github/skills/frontend-security-coder
- .github/skills/frontend-ui-dark-ts
- .github/skills/github-ops
- .github/skills/gitlab-ops
- .github/skills/governance-rules
- .github/skills/hub-classification
- .github/skills/incident-analysis
- .github/skills/injection-detection
- .github/skills/intent-capture
- .github/skills/iteration-scoring
- .github/skills/knowledge-update
- .github/skills/lint-analysis
- .github/skills/m365-data-query
- .github/skills/mcp-configuration
- .github/skills/mcp-fallback
- .github/skills/mslearn-docs-lookup
- .github/skills/nfr-review
- .github/skills/observability-readiness
- .github/skills/office-common
- .github/skills/parity-validation
- .github/skills/pdf
- .github/skills/plan-writing
- .github/skills/planning-with-files
- .github/skills/playwright-browser-automation
- .github/skills/policy-gate
- .github/skills/pptx
- .github/skills/pr-checks
- .github/skills/quality-report
- .github/skills/react-best-practices
- .github/skills/react-flow-architect
- .github/skills/react-flow-node-ts
- .github/skills/react-modernization
- .github/skills/react-native-architecture
- .github/skills/react-patterns
- .github/skills/react-state-management
- .github/skills/react-ui-patterns
- .github/skills/red-team-simulation
- .github/skills/repo-analysis
- .github/skills/risk-scoring
- .github/skills/root-cause-analysis
- .github/skills/sandbox-execution
- .github/skills/sdlc-ba-audit
- .github/skills/sdlc-ba-functional-design
- .github/skills/sdlc-ba-scoping
- .github/skills/sdlc-ba-specification
- .github/skills/sdlc-change-impact
- .github/skills/sdlc-confluence-sync
- .github/skills/sdlc-deliverable-validation
- .github/skills/sdlc-review-arbitration
- .github/skills/sdlc-scaffold
- .github/skills/sdlc-steer-governance
- .github/skills/sdlc-steer-init
- .github/skills/sdlc-steer-planning
- .github/skills/sdlc-steer-sprint
- .github/skills/sdlc-tech-architecture
- .github/skills/sdlc-tech-audit
- .github/skills/sdlc-tech-design
- .github/skills/sdlc-tech-implementation
- .github/skills/sdlc-tech-quality
- .github/skills/sdlc-test-campaign
- .github/skills/sdlc-test-performance
- .github/skills/secret-scan
- .github/skills/security-scan
- .github/skills/semgrep-analysis
- .github/skills/soprasteria-agent-policy-guard
- .github/skills/soprasteria-dep
- .github/skills/spec-clarify
- .github/skills/spec-constitution
- .github/skills/spec-feature
- .github/skills/spec-plan
- .github/skills/spec-quality-gate
- .github/skills/spec-tasks
- .github/skills/static-analysis
- .github/skills/test-strategy
- .github/skills/test-validation
- .github/skills/web-accessibility
- .github/skills/workflow-engine
- .github/skills/xlsx
local_deployed_file_hashes:
  .github/agents/analysis-agent.agent.md: sha256:41a3d4d0975a0ed330b8eaa38d1f6554f88530744fceff0bb3cf50a83e4d96ca
  .github/agents/architecture-governance.agent.md: sha256:23a1e7813d2aac9d7ba7758602f4a0898aa83d9c375529898ecc586581d6b4f1
  .github/agents/bmad-orchestrator.agent.md: sha256:d4d7ef5f276ebe95e3c47104253f450ed69bd821b9b0bd12d331a636df4f06ae
  .github/agents/branding.agent.md: sha256:a6795d30ad809c16b2b105a10f4a51d88fd960d740682b8435c6299279736db4
  .github/agents/bug-fixer.agent.md: sha256:a99d4388cd176bb8b158a507a7cc615ea02b6df5d3193db057bb877bee4f9254
  .github/agents/hub-orchestrator.agent.md: sha256:c89a01df6d2d83a09fafdb4dd57f65dbef55cc08cc08e99a29fde9243fdb90f6
  .github/agents/implementer.agent.md: sha256:964d650124b64c4b098e7249850d456926b845dd46de22d9c2cf7a394f43f192
  .github/agents/modernization-agent.agent.md: sha256:7f07fe85eb46d7b0a30af13292ff722dfdc0f490df64bad852c73a02a10b26d1
  .github/agents/modernization-orchestrator.agent.md: sha256:fdae7f75b8dacc0d5a16165470fa1f3b4c0ab3d949372e9cec0e3944d03fc90c
  .github/agents/pr-validator.agent.md: sha256:103505cdaff1570aa1ebf031c39719eda07aa87684076c89ccaa4a308f5ee963
  .github/agents/quality-validator.agent.md: sha256:a1c725b9fca56dcd5ba72d15a8b0d39f4057f8c7cc35fa5b7f29b57d1e60e0c7
  .github/agents/refactor-assessor.agent.md: sha256:df2ccce355421ad16d8837b9d15869ae6a9d34759a9dd288ce545f590a92d4f0
  .github/agents/refactor-implementer.agent.md: sha256:74c8b59ba47c277729d7d85ae2a9a7713decded019119b0bddf42585657939ce
  .github/agents/refactor-orchestrator.agent.md: sha256:16eb273e2a10b80c9fa93022d639b6b08c88d5eb6825ad3ab0baf33fc98b3d86
  .github/agents/refactor-parity-checker.agent.md: sha256:9e9d28322e77b3fa6999326342794600451e4cd7a8cd784de8614264e963291f
  .github/agents/refactor-planner.agent.md: sha256:34b72f40dbded547d9c06ee9dfab7ef7376772dd5110166ed5f0a9d15b750ea3
  .github/agents/repository-analyzer.agent.md: sha256:6725dca945f6a12ad8fb139ffed2516362c6f2b34242874d1911ea3b8eae7ceb
  .github/agents/reverse-backlog.agent.md: sha256:470186471d372bd4e4550032c6b0e1192497089f4f7e7cd0ab7f231f6efd4225
  .github/agents/reverse-user-story.agent.md: sha256:8fea19d72b898d35022f90d364622f3960d66dd707569a9fa71454a0c35d3e7a
  .github/agents/sdlc-ba-analyst.agent.md: sha256:e38b8d3169633849757ef2a098c2094dfb1dc8ca939275809955689eff66a100
  .github/agents/sdlc-ba-reviewer.agent.md: sha256:efcebbd24463ead53b7f58f9682b888a1b2b19dbd59f183c4bc81ad6a0abfbe9
  .github/agents/sdlc-coordinator.agent.md: sha256:9b048cd557a463d29658ac4cdc0f034c9e683de2fc6d37ee9adf629fb1b94d1f
  .github/agents/sdlc-steer-manager.agent.md: sha256:f7cbf0d58360695246cacff367a9e7025de0a93e8ac7b19073659749e87f4207
  .github/agents/sdlc-steer-reviewer.agent.md: sha256:63884f1a120d8fb946af9fef8c0613710c66aaba03ec604b396f1366d775c358
  .github/agents/sdlc-tech-architect.agent.md: sha256:0ddac8b6b9812b74106acb0771612f8a8f931fe6dc0d182e97c964b534561a48
  .github/agents/sdlc-tech-reviewer.agent.md: sha256:0734542843ce67fe13f9fc969d59d7cc3ecefcf1eba0e405ecbd1ca3e5ecfedc
  .github/agents/sdlc-test-executor.agent.md: sha256:06e4d03f27c220a4098868919ab1c761f2dff82a722f91b80d9107baedb594f3
  .github/agents/security-reviewer.agent.md: sha256:1d095fe40cc704290bdd130772da79382a979fcc7bd9d422f42c3e18f5b85dbf
  .github/agents/spec-orchestrator.agent.md: sha256:f31cdc30e3815ac99fe44c67f9edccc576e6c0123a85b78b65e4df52f22b8cab
  .github/agents/station-orchestrator.agent.md: sha256:dae7903cb29e08d192511a1af740e4609d641a714d4403700809d221e4267ca8
  .github/agents/workflow-orchestrator.agent.md: sha256:1d3a08295b59884c7fbc0e772aed89098cd2975b7ab9f26d55c87ccd0f0cc0ce
  .github/hooks/ai-sdlc-foundation-.pre-result-test-station.json: sha256:6778400851e1460c247efd7b41864cf412008c93ce1cd82f2af205ffc23fa0f0
  .github/prompts/convert-md-to-docx-and-pdf.prompt.md: sha256:b7f0c6d8bfa0d37b8b6293cd72e344067a4eeabea51be1ffea74d735c75b099b
  .github/prompts/create-one-pager.prompt.md: sha256:409217a65dfcd1297659df2143050b7bc3e0d36c8cc6d3494cd01113c39bc745
  .github/prompts/soprasteria-brand-audit.prompt.md: sha256:4bfdaba0f1511a9e4c8d22df1fe107d844e1b2f79b3a2f579dbe8870520e5b41
  .github/prompts/soprasteria-brand-refactor.prompt.md: sha256:55d11b2d8acebff454cb80d704327a31517432c2a8b9980f4b2733d0d9560c31
  .github/prompts/workflow-bmad.prompt.md: sha256:687253114d64c13db9f0d3a844ff9a1d437e0badddbf6077a763636ea999840d
  .github/prompts/workflow-bug-fixing.prompt.md: sha256:88470a9ada034f93474a19d27c68164091e5de68b22870c6eda0c3b092c33816
  .github/prompts/workflow-feature.prompt.md: sha256:2f977bdb519ea623966168d6ede2892308cc74c9af33db26c2630af64dd6756b
  .github/prompts/workflow-maturity-assessment.prompt.md: sha256:480d438e1aa9505eaa75c2d4ce143acd41a856f0a44ab6995d95a51707982536
  .github/prompts/workflow-modernization.prompt.md: sha256:14f98629351c2c2d8d49a289c2c10d5c770d56fa8302158478891a5e228a9554
  .github/prompts/workflow-pr-validation.prompt.md: sha256:799b7a3a47a766d96d275f6063cdb6f6a7c79bf25e4145c666a45be9fecbd350
  .github/prompts/workflow-quality.prompt.md: sha256:e8d30efb086c07af12f440637576564cb7fe1c6316c025f077cbb4e1f375d0ca
  .github/prompts/workflow-spec-kit.prompt.md: sha256:2e1fa13d84c60829e4bf20da8c85ef2905d0b3a7a111212d3cd83bea1f1d1035
